
Microsoft Visual Studio Solution File, Format Version 12.00
# Visual Studio 2017
Project("{FAE04EC0-301F-11D3-BF4B-00C04F79EFBC}") = "Client", "Client.csproj", "{78A2509D-0039-49EA-8786-AAF72CEEC972}"
EndProject
Global
	GlobalSection(SolutionConfigurationPlatforms) = preSolution
		Debug|Any CPU = Debug|Any CPU
		Release|Any CPU = Release|Any CPU
	EndGlobalSection
	GlobalSection(ProjectConfigurationPlatforms) = postSolution
		{78A2509D-0039-49EA-8786-AAF72CEEC972}.Debug|Any CPU.ActiveCfg = Debug|Any CPU
		{78A2509D-0039-49EA-8786-AAF72CEEC972}.Debug|Any CPU.Build.0 = Debug|Any CPU
		{78A2509D-0039-49EA-8786-AAF72CEEC972}.Release|Any CPU.ActiveCfg = Release|Any CPU
		{78A2509D-0039-49EA-8786-AAF72CEEC972}.Release|Any CPU.Build.0 = Release|Any CPU
	EndGlobalSection
EndGlobal
